
Microsoft Visual Studio Solution File, Format Version 12.00
# Visual Studio 2013
VisualStudioVersion = 12.0.30723.0
MinimumVisualStudioVersion = 10.0.40219.1
Project("{FAE04EC0-301F-11D3-BF4B-00C04F79EFBC}") = "DVM4T.Tests", "DVM4T.Tests\DVM4T.Tests.csproj", "{27A89D69-3A3C-4C23-AD89-3F10B2273660}"
EndProject
Project("{FAE04EC0-301F-11D3-BF4B-00C04F79EFBC}") = "DVM4T.Core", "DVM4T.Core\DVM4T.Core.csproj", "{9B3DF9C0-0779-4A22-8B63-B6745DA7EDC3}"
EndProject
Project("{FAE04EC0-301F-11D3-BF4B-00C04F79EFBC}") = "DVM4T.DD4T", "DVM4T.DD4T\DVM4T.DD4T.csproj", "{B52E42BA-5D13-44F3-B83E-84B98148143E}"
EndProject
Project("{FAE04EC0-301F-11D3-BF4B-00C04F79EFBC}") = "DVM4T.ModelGen", "DVM4T.ModelGen\DVM4T.ModelGen.csproj", "{CA33B3CF-C91A-4C01-9779-624D82AA38EE}"
EndProject
Project("{2150E333-8FDC-42A3-9474-1A3956D46DE8}") = "DVM4T", "DVM4T", "{ED2307BE-8B72-47B3-B2C0-96356C905CF8}"
EndProject
Project("{2150E333-8FDC-42A3-9474-1A3956D46DE8}") = "ModelGen", "ModelGen", "{C154F9D1-E3E7-4E15-B830-C722D2D8C268}"
EndProject
Project("{FAE04EC0-301F-11D3-BF4B-00C04F79EFBC}") = "DVM4T.ModelGeneratorApp", "DVM4T.ModelGeneratorApp\DVM4T.ModelGeneratorApp.csproj", "{EEF600F5-CF46-44C4-84A2-FE911D94F5B9}"
EndProject
Project("{FAE04EC0-301F-11D3-BF4B-00C04F79EFBC}") = "DVM4T.Experiments", "DVM4T.Experiments\DVM4T.Experiments.csproj", "{B9350BA2-0176-4830-B726-F9D990360DF6}"
EndProject
Global
	GlobalSection(SolutionConfigurationPlatforms) = preSolution
		Debug|Any CPU = Debug|Any CPU
		Release 4.0|Any CPU = Release 4.0|Any CPU
		Release 4.5|Any CPU = Release 4.5|Any CPU
		Release|Any CPU = Release|Any CPU
	EndGlobalSection
	GlobalSection(ProjectConfigurationPlatforms) = postSolution
		{27A89D69-3A3C-4C23-AD89-3F10B2273660}.Debug|Any CPU.ActiveCfg = Debug|Any CPU
		{27A89D69-3A3C-4C23-AD89-3F10B2273660}.Debug|Any CPU.Build.0 = Debug|Any CPU
		{27A89D69-3A3C-4C23-AD89-3F10B2273660}.Release 4.0|Any CPU.ActiveCfg = Release 4.0|Any CPU
		{27A89D69-3A3C-4C23-AD89-3F10B2273660}.Release 4.0|Any CPU.Build.0 = Release 4.0|Any CPU
		{27A89D69-3A3C-4C23-AD89-3F10B2273660}.Release 4.5|Any CPU.ActiveCfg = Release 4.5|Any CPU
		{27A89D69-3A3C-4C23-AD89-3F10B2273660}.Release 4.5|Any CPU.Build.0 = Release 4.5|Any CPU
		{27A89D69-3A3C-4C23-AD89-3F10B2273660}.Release|Any CPU.ActiveCfg = Release 4.5|Any CPU
		{27A89D69-3A3C-4C23-AD89-3F10B2273660}.Release|Any CPU.Build.0 = Release 4.5|Any CPU
		{9B3DF9C0-0779-4A22-8B63-B6745DA7EDC3}.Debug|Any CPU.ActiveCfg = Debug|Any CPU
		{9B3DF9C0-0779-4A22-8B63-B6745DA7EDC3}.Debug|Any CPU.Build.0 = Debug|Any CPU
		{9B3DF9C0-0779-4A22-8B63-B6745DA7EDC3}.Release 4.0|Any CPU.ActiveCfg = Release 4.0|Any CPU
		{9B3DF9C0-0779-4A22-8B63-B6745DA7EDC3}.Release 4.0|Any CPU.Build.0 = Release 4.0|Any CPU
		{9B3DF9C0-0779-4A22-8B63-B6745DA7EDC3}.Release 4.0|Any CPU.Deploy.0 = Release 4.0|Any CPU
		{9B3DF9C0-0779-4A22-8B63-B6745DA7EDC3}.Release 4.5|Any CPU.ActiveCfg = Release 4.5|Any CPU
		{9B3DF9C0-0779-4A22-8B63-B6745DA7EDC3}.Release 4.5|Any CPU.Build.0 = Release 4.5|Any CPU
		{9B3DF9C0-0779-4A22-8B63-B6745DA7EDC3}.Release|Any CPU.ActiveCfg = Release 4.5|Any CPU
		{9B3DF9C0-0779-4A22-8B63-B6745DA7EDC3}.Release|Any CPU.Build.0 = Release 4.5|Any CPU
		{B52E42BA-5D13-44F3-B83E-84B98148143E}.Debug|Any CPU.ActiveCfg = Debug|Any CPU
		{B52E42BA-5D13-44F3-B83E-84B98148143E}.Debug|Any CPU.Build.0 = Debug|Any CPU
		{B52E42BA-5D13-44F3-B83E-84B98148143E}.Release 4.0|Any CPU.ActiveCfg = Release 4.0|Any CPU
		{B52E42BA-5D13-44F3-B83E-84B98148143E}.Release 4.0|Any CPU.Build.0 = Release 4.0|Any CPU
		{B52E42BA-5D13-44F3-B83E-84B98148143E}.Release 4.5|Any CPU.ActiveCfg = Release 4.5|Any CPU
		{B52E42BA-5D13-44F3-B83E-84B98148143E}.Release 4.5|Any CPU.Build.0 = Release 4.5|Any CPU
		{B52E42BA-5D13-44F3-B83E-84B98148143E}.Release|Any CPU.ActiveCfg = Release 4.5|Any CPU
		{B52E42BA-5D13-44F3-B83E-84B98148143E}.Release|Any CPU.Build.0 = Release 4.5|Any CPU
		{CA33B3CF-C91A-4C01-9779-624D82AA38EE}.Debug|Any CPU.ActiveCfg = Debug|Any CPU
		{CA33B3CF-C91A-4C01-9779-624D82AA38EE}.Debug|Any CPU.Build.0 = Debug|Any CPU
		{CA33B3CF-C91A-4C01-9779-624D82AA38EE}.Release 4.0|Any CPU.ActiveCfg = Release 4.0|Any CPU
		{CA33B3CF-C91A-4C01-9779-624D82AA38EE}.Release 4.0|Any CPU.Build.0 = Release 4.0|Any CPU
		{CA33B3CF-C91A-4C01-9779-624D82AA38EE}.Release 4.5|Any CPU.ActiveCfg = Release 4.5|Any CPU
		{CA33B3CF-C91A-4C01-9779-624D82AA38EE}.Release 4.5|Any CPU.Build.0 = Release 4.5|Any CPU
		{CA33B3CF-C91A-4C01-9779-624D82AA38EE}.Release|Any CPU.ActiveCfg = Release 4.5|Any CPU
		{CA33B3CF-C91A-4C01-9779-624D82AA38EE}.Release|Any CPU.Build.0 = Release 4.5|Any CPU
		{EEF600F5-CF46-44C4-84A2-FE911D94F5B9}.Debug|Any CPU.ActiveCfg = Debug|Any CPU
		{EEF600F5-CF46-44C4-84A2-FE911D94F5B9}.Debug|Any CPU.Build.0 = Debug|Any CPU
		{EEF600F5-CF46-44C4-84A2-FE911D94F5B9}.Release 4.0|Any CPU.ActiveCfg = Release 4.0|Any CPU
		{EEF600F5-CF46-44C4-84A2-FE911D94F5B9}.Release 4.0|Any CPU.Build.0 = Release 4.0|Any CPU
		{EEF600F5-CF46-44C4-84A2-FE911D94F5B9}.Release 4.5|Any CPU.ActiveCfg = Release 4.5|Any CPU
		{EEF600F5-CF46-44C4-84A2-FE911D94F5B9}.Release 4.5|Any CPU.Build.0 = Release 4.5|Any CPU
		{EEF600F5-CF46-44C4-84A2-FE911D94F5B9}.Release|Any CPU.ActiveCfg = Release|Any CPU
		{EEF600F5-CF46-44C4-84A2-FE911D94F5B9}.Release|Any CPU.Build.0 = Release|Any CPU
		{B9350BA2-0176-4830-B726-F9D990360DF6}.Debug|Any CPU.ActiveCfg = Debug|Any CPU
		{B9350BA2-0176-4830-B726-F9D990360DF6}.Debug|Any CPU.Build.0 = Debug|Any CPU
		{B9350BA2-0176-4830-B726-F9D990360DF6}.Release 4.0|Any CPU.ActiveCfg = Release|Any CPU
		{B9350BA2-0176-4830-B726-F9D990360DF6}.Release 4.0|Any CPU.Build.0 = Release|Any CPU
		{B9350BA2-0176-4830-B726-F9D990360DF6}.Release 4.5|Any CPU.ActiveCfg = Release|Any CPU
		{B9350BA2-0176-4830-B726-F9D990360DF6}.Release 4.5|Any CPU.Build.0 = Release|Any CPU
		{B9350BA2-0176-4830-B726-F9D990360DF6}.Release|Any CPU.ActiveCfg = Release|Any CPU
		{B9350BA2-0176-4830-B726-F9D990360DF6}.Release|Any CPU.Build.0 = Release|Any CPU
	EndGlobalSection
	GlobalSection(SolutionProperties) = preSolution
		HideSolutionNode = FALSE
	EndGlobalSection
	GlobalSection(NestedProjects) = preSolution
		{9B3DF9C0-0779-4A22-8B63-B6745DA7EDC3} = {ED2307BE-8B72-47B3-B2C0-96356C905CF8}
		{B52E42BA-5D13-44F3-B83E-84B98148143E} = {ED2307BE-8B72-47B3-B2C0-96356C905CF8}
		{CA33B3CF-C91A-4C01-9779-624D82AA38EE} = {C154F9D1-E3E7-4E15-B830-C722D2D8C268}
		{EEF600F5-CF46-44C4-84A2-FE911D94F5B9} = {C154F9D1-E3E7-4E15-B830-C722D2D8C268}
	EndGlobalSection
EndGlobal
